{
    "hash": "970283193f563b67edfd6859a2c9de27",
    "packages": [
        {
            "package": "guzzle/guzzle",
            "version": "dev-master",
            "source-reference": "v2.7.2",
            "commit-date": "1341263077"
        },
        {
            "package": "monolog/monolog",
            "version": "dev-master",
            "source-reference": "6cbdc0410c08fb03d7eee6b69126661fcbb89c41",
            "commit-date": "1340715384"
        },
        {
            "package": "symfony/event-dispatcher",
            "version": "dev-master",
            "alias-pretty-version": "2.1.x-dev",
            "alias-version": "2.1.9999999.9999999-dev"
        },
        {
            "package": "symfony/event-dispatcher",
            "version": "dev-master",
            "source-reference": "v2.1.0-BETA1",
            "commit-date": "1338018513"
        }
    ],
    "packages-dev": null,
    "aliases": [

    ],
    "minimum-stability": "dev",
    "stability-flags": [

    ]
}
