{
    "hash": "a17b194895939e02ec460fdf306a1997",
    "packages": [
        {
            "package": "guzzle/guzzle",
            "version": "dev-master",
            "source-reference": "64758d8041144f154e432dbde011dd799dd1bfa7",
            "commit-date": "1343420927"
        },
        {
            "package": "symfony/event-dispatcher",
            "version": "dev-master",
            "alias-pretty-version": "2.1.x-dev",
            "alias-version": "2.1.9999999.9999999-dev"
        },
        {
            "package": "symfony/event-dispatcher",
            "version": "dev-master",
            "source-reference": "v2.1.0-BETA4",
            "commit-date": "1342739894"
        }
    ],
    "packages-dev": null,
    "aliases": [

    ],
    "minimum-stability": "dev",
    "stability-flags": [

    ]
}
