{
    "hash": "9419d2d870e545840ec14a9fe6d193b9",
    "packages": [
        {
            "package": "guzzle/guzzle",
            "version": "dev-master",
            "source-reference": "v2.7.1",
            "commit-date": "1340762324"
        },
        {
            "package": "symfony/event-dispatcher",
            "version": "dev-master",
            "alias-pretty-version": "2.1.x-dev",
            "alias-version": "2.1.9999999.9999999-dev"
        },
        {
            "package": "symfony/event-dispatcher",
            "version": "dev-master",
            "source-reference": "v2.1.0-BETA1",
            "commit-date": "1338018513"
        }
    ],
    "packages-dev": null,
    "aliases": [

    ],
    "minimum-stability": "dev",
    "stability-flags": [

    ]
}
